<?xml version="1.0" encoding="utf-8"?>
<Project ToolsVersion="4.0" xmlns="http://schemas.microsoft.com/developer/msbuild/2003">
  <ItemGroup>
    <Filter Include="Source Files">
      <UniqueIdentifier>{4FC737F1-C7A5-4376-A066-2A32D752A2FF}</UniqueIdentifier>
      <Extensions>cpp;c;cc;cxx;def;odl;idl;hpj;bat;asm;asmx</Extensions>
    </Filter>
    <Filter Include="Header Files">
      <UniqueIdentifier>{93995380-89BD-4b04-88EB-625FBE52EBFB}</UniqueIdentifier>
      <Extensions>h;hh;hpp;hxx;hm;inl;inc;xsd</Extensions>
    </Filter>
    <Filter Include="Resource Files">
      <UniqueIdentifier>{67DA6AB6-F800-4c08-8B7A-83BB121AAD01}</UniqueIdentifier>
      <Extensions>rc;ico;cur;bmp;dlg;rc2;rct;bin;rgs;gif;jpg;jpeg;jpe;resx;tiff;tif;png;wav</Extensions>
    </Filter>
  </ItemGroup>
  <ItemGroup>
    <ClCompile Include="..\src\arglist.cpp">
      <Filter>Source Files</Filter>
    </ClCompile>
    <ClCompile Include="..\src\bytebuffer.cpp">
      <Filter>Source Files</Filter>
    </ClCompile>
    <ClCompile Include="..\src\calccrc.cpp">
      <Filter>Source Files</Filter>
    </ClCompile>
    <ClCompile Include="..\src\crc32tab.cpp">
      <Filter>Source Files</Filter>
    </ClCompile>
    <ClCompile Include="..\src\dar.cpp">
      <Filter>Source Files</Filter>
    </ClCompile>
    <ClCompile Include="..\src\db_blob.cpp">
      <Filter>Source Files</Filter>
    </ClCompile>
    <ClCompile Include="..\src\dims.cpp">
      <Filter>Source Files</Filter>
    </ClCompile>
    <ClCompile Include="..\src\fastgate.cpp">
      <Filter>Source Files</Filter>
    </ClCompile>
    <ClCompile Include="..\src\goeventtree.cpp">
      <Filter>Source Files</Filter>
    </ClCompile>
    <ClCompile Include="..\src\golinestats.cpp">
      <Filter>Source Files</Filter>
    </ClCompile>
    <ClCompile Include="..\src\gonumeric.cpp">
      <Filter>Source Files</Filter>
    </ClCompile>
    <ClCompile Include="..\src\goobject.cpp">
      <Filter>Source Files</Filter>
    </ClCompile>
    <ClCompile Include="..\src\goprioritytable.cpp">
      <Filter>Source Files</Filter>
    </ClCompile>
    <ClCompile Include="..\src\gosampler.cpp">
      <Filter>Source Files</Filter>
    </ClCompile>
    <ClCompile Include="..\src\gostatemachine.cpp">
      <Filter>Source Files</Filter>
    </ClCompile>
    <ClCompile Include="..\src\gostatenode.cpp">
      <Filter>Source Files</Filter>
    </ClCompile>
    <ClCompile Include="..\src\gostopwatch.cpp">
      <Filter>Source Files</Filter>
    </ClCompile>
    <ClCompile Include="..\src\gostring.cpp">
      <Filter>Source Files</Filter>
    </ClCompile>
    <ClCompile Include="..\src\gotimer.cpp">
      <Filter>Source Files</Filter>
    </ClCompile>
    <ClCompile Include="..\src\gotools_core_version.cpp">
      <Filter>Source Files</Filter>
    </ClCompile>
    <ClCompile Include="..\src\inifield.cpp">
      <Filter>Source Files</Filter>
    </ClCompile>
    <ClCompile Include="..\src\inifiledb.cpp">
      <Filter>Source Files</Filter>
    </ClCompile>
    <ClCompile Include="..\src\inisection.cpp">
      <Filter>Source Files</Filter>
    </ClCompile>
    <ClCompile Include="..\src\msgcb.cpp">
      <Filter>Source Files</Filter>
    </ClCompile>
    <ClCompile Include="..\src\mutexgate.cpp">
      <Filter>Source Files</Filter>
    </ClCompile>
    <ClCompile Include="..\src\now.cpp">
      <Filter>Source Files</Filter>
    </ClCompile>
    <ClCompile Include="..\src\pbvparameter.cpp">
      <Filter>Source Files</Filter>
    </ClCompile>
    <ClCompile Include="..\src\pointintime.cpp">
      <Filter>Source Files</Filter>
    </ClCompile>
    <ClCompile Include="..\src\ptintm.cpp">
      <Filter>Source Files</Filter>
    </ClCompile>
    <ClCompile Include="..\src\report.cpp">
      <Filter>Source Files</Filter>
    </ClCompile>
    <ClCompile Include="..\src\report_monitor.cpp">
      <Filter>Source Files</Filter>
    </ClCompile>
    <ClCompile Include="..\src\report_monitor_file.cpp">
      <Filter>Source Files</Filter>
    </ClCompile>
    <ClCompile Include="..\src\report_msg.cpp">
      <Filter>Source Files</Filter>
    </ClCompile>
    <ClCompile Include="..\src\si_sleep.cpp">
      <Filter>Source Files</Filter>
    </ClCompile>
    <ClCompile Include="..\src\stopwatch.cpp">
      <Filter>Source Files</Filter>
    </ClCompile>
    <ClCompile Include="..\src\stricmp.cpp">
      <Filter>Source Files</Filter>
    </ClCompile>
    <ClCompile Include="..\src\threads.cpp">
      <Filter>Source Files</Filter>
    </ClCompile>
    <ClCompile Include="..\src\thread_core.cpp">
      <Filter>Source Files</Filter>
    </ClCompile>
    <ClCompile Include="..\src\timedevent.cpp">
      <Filter>Source Files</Filter>
    </ClCompile>
  </ItemGroup>
  <ItemGroup>
    <ClInclude Include="..\include\arglist.h">
      <Filter>Header Files</Filter>
    </ClInclude>
    <ClInclude Include="..\include\bytebuffer.h">
      <Filter>Header Files</Filter>
    </ClInclude>
    <ClInclude Include="..\include\calccrc.h">
      <Filter>Header Files</Filter>
    </ClInclude>
    <ClInclude Include="..\include\callback.h">
      <Filter>Header Files</Filter>
    </ClInclude>
    <ClInclude Include="..\include\cb_lambda.h">
      <Filter>Header Files</Filter>
    </ClInclude>
    <ClInclude Include="..\include\cb_statetimeout.h">
      <Filter>Header Files</Filter>
    </ClInclude>
    <ClInclude Include="..\include\crc32tab.h">
      <Filter>Header Files</Filter>
    </ClInclude>
    <ClInclude Include="..\include\dar.h">
      <Filter>Header Files</Filter>
    </ClInclude>
    <ClInclude Include="..\include\db_blob.h">
      <Filter>Header Files</Filter>
    </ClInclude>
    <ClInclude Include="..\include\dims.h">
      <Filter>Header Files</Filter>
    </ClInclude>
    <ClInclude Include="..\include\enum.h">
      <Filter>Header Files</Filter>
    </ClInclude>
    <ClInclude Include="..\include\fastgate.h">
      <Filter>Header Files</Filter>
    </ClInclude>
    <ClInclude Include="..\include\goeventtree.h">
      <Filter>Header Files</Filter>
    </ClInclude>
    <ClInclude Include="..\include\golinestats.h">
      <Filter>Header Files</Filter>
    </ClInclude>
    <ClInclude Include="..\include\gomap.h">
      <Filter>Header Files</Filter>
    </ClInclude>
    <ClInclude Include="..\include\gomax.h">
      <Filter>Header Files</Filter>
    </ClInclude>
    <ClInclude Include="..\include\gomean.h">
      <Filter>Header Files</Filter>
    </ClInclude>
    <ClInclude Include="..\include\gomin.h">
      <Filter>Header Files</Filter>
    </ClInclude>
    <ClInclude Include="..\include\gonumeric.h">
      <Filter>Header Files</Filter>
    </ClInclude>
    <ClInclude Include="..\include\goobject.h">
      <Filter>Header Files</Filter>
    </ClInclude>
    <ClInclude Include="..\include\goprioritytable.h">
      <Filter>Header Files</Filter>
    </ClInclude>
    <ClInclude Include="..\include\gosampler.h">
      <Filter>Header Files</Filter>
    </ClInclude>
    <ClInclude Include="..\include\goset.h">
      <Filter>Header Files</Filter>
    </ClInclude>
    <ClInclude Include="..\include\gostatemachine.h">
      <Filter>Header Files</Filter>
    </ClInclude>
    <ClInclude Include="..\include\gostatenode.h">
      <Filter>Header Files</Filter>
    </ClInclude>
    <ClInclude Include="..\include\gostatistics.h">
      <Filter>Header Files</Filter>
    </ClInclude>
    <ClInclude Include="..\include\gostddev.h">
      <Filter>Header Files</Filter>
    </ClInclude>
    <ClInclude Include="..\include\gostopwatch.h">
      <Filter>Header Files</Filter>
    </ClInclude>
    <ClInclude Include="..\include\gostring.h">
      <Filter>Header Files</Filter>
    </ClInclude>
    <ClInclude Include="..\include\gosum.h">
      <Filter>Header Files</Filter>
    </ClInclude>
    <ClInclude Include="..\include\gotimer.h">
      <Filter>Header Files</Filter>
    </ClInclude>
    <ClInclude Include="..\include\gotools_core_version.h">
      <Filter>Header Files</Filter>
    </ClInclude>
    <ClInclude Include="..\include\govariance.h">
      <Filter>Header Files</Filter>
    </ClInclude>
    <ClInclude Include="..\include\govector.h">
      <Filter>Header Files</Filter>
    </ClInclude>
    <ClInclude Include="..\include\go_semaphore.h">
      <Filter>Header Files</Filter>
    </ClInclude>
    <ClInclude Include="..\include\grdeque.h">
      <Filter>Header Files</Filter>
    </ClInclude>
    <ClInclude Include="..\include\grset.h">
      <Filter>Header Files</Filter>
    </ClInclude>
    <ClInclude Include="..\include\gtokenmap.h">
      <Filter>Header Files</Filter>
    </ClInclude>
    <ClInclude Include="..\include\inifield.h">
      <Filter>Header Files</Filter>
    </ClInclude>
    <ClInclude Include="..\include\inifiledb.h">
      <Filter>Header Files</Filter>
    </ClInclude>
    <ClInclude Include="..\include\inisection.h">
      <Filter>Header Files</Filter>
    </ClInclude>
    <ClInclude Include="..\include\keydefs.h">
      <Filter>Header Files</Filter>
    </ClInclude>
    <ClInclude Include="..\include\msgcb.h">
      <Filter>Header Files</Filter>
    </ClInclude>
    <ClInclude Include="..\include\mutexgate.h">
      <Filter>Header Files</Filter>
    </ClInclude>
    <ClInclude Include="..\include\mutexscope.h">
      <Filter>Header Files</Filter>
    </ClInclude>
    <ClInclude Include="..\include\now.h">
      <Filter>Header Files</Filter>
    </ClInclude>
    <ClInclude Include="..\include\pbvparameter.h">
      <Filter>Header Files</Filter>
    </ClInclude>
    <ClInclude Include="..\include\pointintime.h">
      <Filter>Header Files</Filter>
    </ClInclude>
    <ClInclude Include="..\include\ptintm.h">
      <Filter>Header Files</Filter>
    </ClInclude>
    <ClInclude Include="..\include\report.h">
      <Filter>Header Files</Filter>
    </ClInclude>
    <ClInclude Include="..\include\report_flags.h">
      <Filter>Header Files</Filter>
    </ClInclude>
    <ClInclude Include="..\include\report_monitor.h">
      <Filter>Header Files</Filter>
    </ClInclude>
    <ClInclude Include="..\include\report_monitor_file.h">
      <Filter>Header Files</Filter>
    </ClInclude>
    <ClInclude Include="..\include\report_msg.h">
      <Filter>Header Files</Filter>
    </ClInclude>
    <ClInclude Include="..\include\si_sleep.h">
      <Filter>Header Files</Filter>
    </ClInclude>
    <ClInclude Include="..\include\socket_interface.h">
      <Filter>Header Files</Filter>
    </ClInclude>
    <ClInclude Include="..\include\stopwatch.h">
      <Filter>Header Files</Filter>
    </ClInclude>
    <ClInclude Include="..\include\stricmp.h">
      <Filter>Header Files</Filter>
    </ClInclude>
    <ClInclude Include="..\include\threads.h">
      <Filter>Header Files</Filter>
    </ClInclude>
    <ClInclude Include="..\include\thread_core.h">
      <Filter>Header Files</Filter>
    </ClInclude>
    <ClInclude Include="..\include\timedevent.h">
      <Filter>Header Files</Filter>
    </ClInclude>
  </ItemGroup>
</Project>